// !$*UTF8*$!
{
	archiveVersion = 1;
	classes = {
	};
	objectVersion = 46;
	objects = {

/* Begin PBXBuildFile section */
		4048E79E1BA71FA7005CEAE2 /* EmojiData.swift in Sources */ = {isa = PBXBuildFile; fileRef = 4048E79D1BA71FA7005CEAE2 /* EmojiData.swift */; };
		40E08A571B4FC70400D06A21 /* AppDelegate.swift in Sources */ = {isa = PBXBuildFile; fileRef = 40E08A561B4FC70400D06A21 /* AppDelegate.swift */; };
		40E08A591B4FC70400D06A21 /* ViewController.swift in Sources */ = {isa = PBXBuildFile; fileRef = 40E08A581B4FC70400D06A21 /* ViewController.swift */; };
		40E08A5C1B4FC70400D06A21 /* Main.storyboard in Resources */ = {isa = PBXBuildFile; fileRef = 40E08A5A1B4FC70400D06A21 /* Main.storyboard */; };
		40E08A5E1B4FC70400D06A21 /* Assets.xcassets in Resources */ = {isa = PBXBuildFile; fileRef = 40E08A5D1B4FC70400D06A21 /* Assets.xcassets */; };
		40E08A611B4FC70400D06A21 /* LaunchScreen.storyboard in Resources */ = {isa = PBXBuildFile; fileRef = 40E08A5F1B4FC70400D06A21 /* LaunchScreen.storyboard */; };
		E2F2E95E1CA292990040B0B0 /* Interface.storyboard in Resources */ = {isa = PBXBuildFile; fileRef = E2F2E95C1CA292990040B0B0 /* Interface.storyboard */; };
		E2F2E9601CA292990040B0B0 /* Assets.xcassets in Resources */ = {isa = PBXBuildFile; fileRef = E2F2E95F1CA292990040B0B0 /* Assets.xcassets */; };
		E2F2E9671CA292990040B0B0 /* HelloAppleWatch WatchKit App Extension.appex in Embed App Extensions */ = {isa = PBXBuildFile; fileRef = E2F2E9661CA292990040B0B0 /* HelloAppleWatch WatchKit App Extension.appex */; settings = {ATTRIBUTES = (RemoveHeadersOnCopy, ); }; };
		E2F2E96C1CA292990040B0B0 /* InterfaceController.swift in Sources */ = {isa = PBXBuildFile; fileRef = E2F2E96B1CA292990040B0B0 /* InterfaceController.swift */; };
		E2F2E96E1CA292990040B0B0 /* ExtensionDelegate.swift in Sources */ = {isa = PBXBuildFile; fileRef = E2F2E96D1CA292990040B0B0 /* ExtensionDelegate.swift */; };
		E2F2E9701CA292990040B0B0 /* Assets.xcassets in Resources */ = {isa = PBXBuildFile; fileRef = E2F2E96F1CA292990040B0B0 /* Assets.xcassets */; };
		E2F2E9741CA292990040B0B0 /* HelloAppleWatch WatchKit App.app in Embed Watch Content */ = {isa = PBXBuildFile; fileRef = E2F2E95A1CA292990040B0B0 /* HelloAppleWatch WatchKit App.app */; };
		E2F2E97E1CA2A1A10040B0B0 /* EmojiData.swift in Sources */ = {isa = PBXBuildFile; fileRef = 4048E79D1BA71FA7005CEAE2 /* EmojiData.swift */; };
/* End PBXBuildFile section */

/* Begin PBXContainerItemProxy section */
		E2F2E9681CA292990040B0B0 /* PBXContainerItemProxy */ = {
			isa = PBXContainerItemProxy;
			containerPortal = 40E08A4B1B4FC70400D06A21 /* Project object */;
			proxyType = 1;
			remoteGlobalIDString = E2F2E9651CA292990040B0B0;
			remoteInfo = "HelloAppleWatch WatchKit App Extension";
		};
		E2F2E9721CA292990040B0B0 /* PBXContainerItemProxy */ = {
			isa = PBXContainerItemProxy;
			containerPortal = 40E08A4B1B4FC70400D06A21 /* Project object */;
			proxyType = 1;
			remoteGlobalIDString = E2F2E9591CA292990040B0B0;
			remoteInfo = "HelloAppleWatch WatchKit App";
		};
/* End PBXContainerItemProxy section */

/* Begin PBXCopyFilesBuildPhase section */
		E2F2E97A1CA292990040B0B0 /* Embed App Extensions */ = {
			isa = PBXCopyFilesBuildPhase;
			buildActionMask = 2147483647;
			dstPath = "";
			dstSubfolderSpec = 13;
			files = (
				E2F2E9671CA292990040B0B0 /* HelloAppleWatch WatchKit App Extension.appex in Embed App Extensions */,
			);
			name = "Embed App Extensions";
			runOnlyForDeploymentPostprocessing = 0;
		};
		E2F2E97C1CA292990040B0B0 /* Embed Watch Content */ = {
			isa = PBXCopyFilesBuildPhase;
			buildActionMask = 2147483647;
			dstPath = "$(CONTENTS_FOLDER_PATH)/Watch";
			dstSubfolderSpec = 16;
			files = (
				E2F2E9741CA292990040B0B0 /* HelloAppleWatch WatchKit App.app in Embed Watch Content */,
			);
			name = "Embed Watch Content";
			runOnlyForDeploymentPostprocessing = 0;
		};
/* End PBXCopyFilesBuildPhase section */

/* Begin PBXFileReference section */
		4048E79D1BA71FA7005CEAE2 /* EmojiData.swift */ = {isa = PBXFileReference; fileEncoding = 4; lastKnownFileType = sourcecode.swift; path = EmojiData.swift; sourceTree = "<group>"; };
		40E08A531B4FC70400D06A21 /* HelloAppleWatch.app */ = {isa = PBXFileReference; explicitFileType = wrapper.application; includeInIndex = 0; path = HelloAppleWatch.app; sourceTree = BUILT_PRODUCTS_DIR; };
		40E08A561B4FC70400D06A21 /* AppDelegate.swift */ = {isa = PBXFileReference; lastKnownFileType = sourcecode.swift; path = AppDelegate.swift; sourceTree = "<group>"; };
		40E08A581B4FC70400D06A21 /* ViewController.swift */ = {isa = PBXFileReference; lastKnownFileType = sourcecode.swift; path = ViewController.swift; sourceTree = "<group>"; };
		40E08A5B1B4FC70400D06A21 /* Base */ = {isa = PBXFileReference; lastKnownFileType = file.storyboard; name = Base; path = Base.lproj/Main.storyboard; sourceTree = "<group>"; };
		40E08A5D1B4FC70400D06A21 /* Assets.xcassets */ = {isa = PBXFileReference; lastKnownFileType = folder.assetcatalog; path = Assets.xcassets; sourceTree = "<group>"; };
		40E08A601B4FC70400D06A21 /* Base */ = {isa = PBXFileReference; lastKnownFileType = file.storyboard; name = Base; path = Base.lproj/LaunchScreen.storyboard; sourceTree = "<group>"; };
		40E08A621B4FC70400D06A21 /* Info.plist */ = {isa = PBXFileReference; lastKnownFileType = text.plist.xml; path = Info.plist; sourceTree = "<group>"; };
		E2F2E95A1CA292990040B0B0 /* HelloAppleWatch WatchKit App.app */ = {isa = PBXFileReference; explicitFileType = wrapper.application; includeInIndex = 0; path = "HelloAppleWatch WatchKit App.app"; sourceTree = BUILT_PRODUCTS_DIR; };
		E2F2E95D1CA292990040B0B0 /* Base */ = {isa = PBXFileReference; lastKnownFileType = file.storyboard; name = Base; path = Base.lproj/Interface.storyboard; sourceTree = "<group>"; };
		E2F2E95F1CA292990040B0B0 /* Assets.xcassets */ = {isa = PBXFileReference; lastKnownFileType = folder.assetcatalog; path = Assets.xcassets; sourceTree = "<group>"; };
		E2F2E9611CA292990040B0B0 /* Info.plist */ = {isa = PBXFileReference; lastKnownFileType = text.plist.xml; path = Info.plist; sourceTree = "<group>"; };
		E2F2E9661CA292990040B0B0 /* HelloAppleWatch WatchKit App Extension.appex */ = {isa = PBXFileReference; explicitFileType = "wrapper.app-extension"; includeInIndex = 0; path = "HelloAppleWatch WatchKit App Extension.appex"; sourceTree = BUILT_PRODUCTS_DIR; };
		E2F2E96B1CA292990040B0B0 /* InterfaceController.swift */ = {isa = PBXFileReference; lastKnownFileType = sourcecode.swift; path = InterfaceController.swift; sourceTree = "<group>"; };
		E2F2E96D1CA292990040B0B0 /* ExtensionDelegate.swift */ = {isa = PBXFileReference; lastKnownFileType = sourcecode.swift; path = ExtensionDelegate.swift; sourceTree = "<group>"; };
		E2F2E96F1CA292990040B0B0 /* Assets.xcassets */ = {isa = PBXFileReference; lastKnownFileType = folder.assetcatalog; path = Assets.xcassets; sourceTree = "<group>"; };
		E2F2E9711CA292990040B0B0 /* Info.plist */ = {isa = PBXFileReference; lastKnownFileType = text.plist.xml; path = Info.plist; sourceTree = "<group>"; };
/* End PBXFileReference section */

/* Begin PBXFrameworksBuildPhase section */
		40E08A501B4FC70400D06A21 /* Frameworks */ = {
			isa = PBXFrameworksBuildPhase;
			buildActionMask = 2147483647;
			files = (
			);
			runOnlyForDeploymentPostprocessing = 0;
		};
		E2F2E9631CA292990040B0B0 /* Frameworks */ = {
			isa = PBXFrameworksBuildPhase;
			buildActionMask = 2147483647;
			files = (
			);
			runOnlyForDeploymentPostprocessing = 0;
		};
/* End PBXFrameworksBuildPhase section */

/* Begin PBXGroup section */
		40E08A4A1B4FC70400D06A21 = {
			isa = PBXGroup;
			children = (
				40E08A551B4FC70400D06A21 /* HelloAppleWatch */,
				E2F2E97D1CA2A14C0040B0B0 /* Shared */,
				E2F2E95B1CA292990040B0B0 /* HelloAppleWatch WatchKit App */,
				E2F2E96A1CA292990040B0B0 /* HelloAppleWatch WatchKit App Extension */,
				40E08A541B4FC70400D06A21 /* Products */,
			);
			sourceTree = "<group>";
		};
		40E08A541B4FC70400D06A21 /* Products */ = {
			isa = PBXGroup;
			children = (
				40E08A531B4FC70400D06A21 /* HelloAppleWatch.app */,
				E2F2E95A1CA292990040B0B0 /* HelloAppleWatch WatchKit App.app */,
				E2F2E9661CA292990040B0B0 /* HelloAppleWatch WatchKit App Extension.appex */,
			);
			name = Products;
			sourceTree = "<group>";
		};
		40E08A551B4FC70400D06A21 /* HelloAppleWatch */ = {
			isa = PBXGroup;
			children = (
				40E08A561B4FC70400D06A21 /* AppDelegate.swift */,
				40E08A581B4FC70400D06A21 /* ViewController.swift */,
				40E08A5A1B4FC70400D06A21 /* Main.storyboard */,
				40E08A5D1B4FC70400D06A21 /* Assets.xcassets */,
				40E08A5F1B4FC70400D06A21 /* LaunchScreen.storyboard */,
				40E08A621B4FC70400D06A21 /* Info.plist */,
			);
			path = HelloAppleWatch;
			sourceTree = "<group>";
		};
		E2F2E95B1CA292990040B0B0 /* HelloAppleWatch WatchKit App */ = {
			isa = PBXGroup;
			children = (
				E2F2E95C1CA292990040B0B0 /* Interface.storyboard */,
				E2F2E95F1CA292990040B0B0 /* Assets.xcassets */,
				E2F2E9611CA292990040B0B0 /* Info.plist */,
			);
			path = "HelloAppleWatch WatchKit App";
			sourceTree = "<group>";
		};
		E2F2E96A1CA292990040B0B0 /* HelloAppleWatch WatchKit App Extension */ = {
			isa = PBXGroup;
			children = (
				E2F2E96B1CA292990040B0B0 /* InterfaceController.swift */,
				E2F2E96D1CA292990040B0B0 /* ExtensionDelegate.swift */,
				E2F2E96F1CA292990040B0B0 /* Assets.xcassets */,
				E2F2E9711CA292990040B0B0 /* Info.plist */,
			);
			path = "HelloAppleWatch WatchKit App Extension";
			sourceTree = "<group>";
		};
		E2F2E97D1CA2A14C0040B0B0 /* Shared */ = {
			isa = PBXGroup;
			children = (
				4048E79D1BA71FA7005CEAE2 /* EmojiData.swift */,
			);
			name = Shared;
			path = HelloAppleWatch;
			sourceTree = "<group>";
		};
/* End PBXGroup section */

/* Begin PBXNativeTarget section */
		40E08A521B4FC70400D06A21 /* HelloAppleWatch */ = {
			isa = PBXNativeTarget;
			buildConfigurationList = 40E08A651B4FC70400D06A21 /* Build configuration list for PBXNativeTarget "HelloAppleWatch" */;
			buildPhases = (
				40E08A4F1B4FC70400D06A21 /* Sources */,
				40E08A501B4FC70400D06A21 /* Frameworks */,
				40E08A511B4FC70400D06A21 /* Resources */,
				E2F2E97C1CA292990040B0B0 /* Embed Watch Content */,
			);
			buildRules = (
			);
			dependencies = (
				E2F2E9731CA292990040B0B0 /* PBXTargetDependency */,
			);
			name = HelloAppleWatch;
			productName = HelloAppleWatch;
			productReference = 40E08A531B4FC70400D06A21 /* HelloAppleWatch.app */;
			productType = "com.apple.product-type.application";
		};
		E2F2E9591CA292990040B0B0 /* HelloAppleWatch WatchKit App */ = {
			isa = PBXNativeTarget;
			buildConfigurationList = E2F2E97B1CA292990040B0B0 /* Build configuration list for PBXNativeTarget "HelloAppleWatch WatchKit App" */;
			buildPhases = (
				E2F2E9581CA292990040B0B0 /* Resources */,
				E2F2E97A1CA292990040B0B0 /* Embed App Extensions */,
			);
			buildRules = (
			);
			dependencies = (
				E2F2E9691CA292990040B0B0 /* PBXTargetDependency */,
			);
			name = "HelloAppleWatch WatchKit App";
			productName = "HelloAppleWatch WatchKit App";
			productReference = E2F2E95A1CA292990040B0B0 /* HelloAppleWatch WatchKit App.app */;
			productType = "com.apple.product-type.application.watchapp2";
		};
		E2F2E9651CA292990040B0B0 /* HelloAppleWatch WatchKit App Extension */ = {
			isa = PBXNativeTarget;
			buildConfigurationList = E2F2E9791CA292990040B0B0 /* Build configuration list for PBXNativeTarget "HelloAppleWatch WatchKit App Extension" */;
			buildPhases = (
				E2F2E9621CA292990040B0B0 /* Sources */,
				E2F2E9631CA292990040B0B0 /* Frameworks */,
				E2F2E9641CA292990040B0B0 /* Resources */,
			);
			buildRules = (
			);
			dependencies = (
			);
			name = "HelloAppleWatch WatchKit App Extension";
			productName = "HelloAppleWatch WatchKit App Extension";
			productReference = E2F2E9661CA292990040B0B0 /* HelloAppleWatch WatchKit App Extension.appex */;
			productType = "com.apple.product-type.watchkit2-extension";
		};
/* End PBXNativeTarget section */

/* Begin PBXProject section */
		40E08A4B1B4FC70400D06A21 /* Project object */ = {
			isa = PBXProject;
			attributes = {
				LastSwiftUpdateCheck = 0720;
				LastUpgradeCheck = 0700;
				ORGANIZATIONNAME = Razeware;
				TargetAttributes = {
					40E08A521B4FC70400D06A21 = {
						CreatedOnToolsVersion = 7.0;
					};
					E2F2E9591CA292990040B0B0 = {
						CreatedOnToolsVersion = 7.2;
					};
					E2F2E9651CA292990040B0B0 = {
						CreatedOnToolsVersion = 7.2;
					};
				};
			};
			buildConfigurationList = 40E08A4E1B4FC70400D06A21 /* Build configuration list for PBXProject "HelloAppleWatch" */;
			compatibilityVersion = "Xcode 3.2";
			developmentRegion = English;
			hasScannedForEncodings = 0;
			knownRegions = (
				en,
				Base,
			);
			mainGroup = 40E08A4A1B4FC70400D06A21;
			productRefGroup = 40E08A541B4FC70400D06A21 /* Products */;
			projectDirPath = "";
			projectRoot = "";
			targets = (
				40E08A521B4FC70400D06A21 /* HelloAppleWatch */,
				E2F2E9591CA292990040B0B0 /* HelloAppleWatch WatchKit App */,
				E2F2E9651CA292990040B0B0 /* HelloAppleWatch WatchKit App Extension */,
			);
		};
/* End PBXProject section */

/* Begin PBXResourcesBuildPhase section */
		40E08A511B4FC70400D06A21 /* Resources */ = {
			isa = PBXResourcesBuildPhase;
			buildActionMask = 2147483647;
			files = (
				40E08A611B4FC70400D06A21 /* LaunchScreen.storyboard in Resources */,
				40E08A5E1B4FC70400D06A21 /* Assets.xcassets in Resources */,
				40E08A5C1B4FC70400D06A21 /* Main.storyboard in Resources */,
			);
			runOnlyForDeploymentPostprocessing = 0;
		};
		E2F2E9581CA292990040B0B0 /* Resources */ = {
			isa = PBXResourcesBuildPhase;
			buildActionMask = 2147483647;
			files = (
				E2F2E9601CA292990040B0B0 /* Assets.xcassets in Resources */,
				E2F2E95E1CA292990040B0B0 /* Interface.storyboard in Resources */,
			);
			runOnlyForDeploymentPostprocessing = 0;
		};
		E2F2E9641CA292990040B0B0 /* Resources */ = {
			isa = PBXResourcesBuildPhase;
			buildActionMask = 2147483647;
			files = (
				E2F2E9701CA292990040B0B0 /* Assets.xcassets in Resources */,
			);
			runOnlyForDeploymentPostprocessing = 0;
		};
/* End PBXResourcesBuildPhase section */

/* Begin PBXSourcesBuildPhase section */
		40E08A4F1B4FC70400D06A21 /* Sources */ = {
			isa = PBXSourcesBuildPhase;
			buildActionMask = 2147483647;
			files = (
				40E08A591B4FC70400D06A21 /* ViewController.swift in Sources */,
				4048E79E1BA71FA7005CEAE2 /* EmojiData.swift in Sources */,
				40E08A571B4FC70400D06A21 /* AppDelegate.swift in Sources */,
			);
			runOnlyForDeploymentPostprocessing = 0;
		};
		E2F2E9621CA292990040B0B0 /* Sources */ = {
			isa = PBXSourcesBuildPhase;
			buildActionMask = 2147483647;
			files = (
				E2F2E96E1CA292990040B0B0 /* ExtensionDelegate.swift in Sources */,
				E2F2E97E1CA2A1A10040B0B0 /* EmojiData.swift in Sources */,
				E2F2E96C1CA292990040B0B0 /* InterfaceController.swift in Sources */,
			);
			runOnlyForDeploymentPostprocessing = 0;
		};
/* End PBXSourcesBuildPhase section */

/* Begin PBXTargetDependency section */
		E2F2E9691CA292990040B0B0 /* PBXTargetDependency */ = {
			isa = PBXTargetDependency;
			target = E2F2E9651CA292990040B0B0 /* HelloAppleWatch WatchKit App Extension */;
			targetProxy = E2F2E9681CA292990040B0B0 /* PBXContainerItemProxy */;
		};
		E2F2E9731CA292990040B0B0 /* PBXTargetDependency */ = {
			isa = PBXTargetDependency;
			target = E2F2E9591CA292990040B0B0 /* HelloAppleWatch WatchKit App */;
			targetProxy = E2F2E9721CA292990040B0B0 /* PBXContainerItemProxy */;
		};
/* End PBXTargetDependency section */

/* Begin PBXVariantGroup section */
		40E08A5A1B4FC70400D06A21 /* Main.storyboard */ = {
			isa = PBXVariantGroup;
			children = (
				40E08A5B1B4FC70400D06A21 /* Base */,
			);
			name = Main.storyboard;
			sourceTree = "<group>";
		};
		40E08A5F1B4FC70400D06A21 /* LaunchScreen.storyboard */ = {
			isa = PBXVariantGroup;
			children = (
				40E08A601B4FC70400D06A21 /* Base */,
			);
			name = LaunchScreen.storyboard;
			sourceTree = "<group>";
		};
		E2F2E95C1CA292990040B0B0 /* Interface.storyboard */ = {
			isa = PBXVariantGroup;
			children = (
				E2F2E95D1CA292990040B0B0 /* Base */,
			);
			name = Interface.storyboard;
			sourceTree = "<group>";
		};
/* End PBXVariantGroup section */

/* Begin XCBuildConfiguration section */
		40E08A631B4FC70400D06A21 /* Debug */ = {
			isa = XCBuildConfiguration;
			buildSettings = {
				ALWAYS_SEARCH_USER_PATHS = NO;
				CLANG_CXX_LANGUAGE_STANDARD = "gnu++0x";
				CLANG_CXX_LIBRARY = "libc++";
				CLANG_ENABLE_MODULES = YES;
				CLANG_ENABLE_OBJC_ARC = YES;
				CLANG_WARN_BOOL_CONVERSION = YES;
				CLANG_WARN_CONSTANT_CONVERSION = YES;
				CLANG_WARN_DIRECT_OBJC_ISA_USAGE = YES_ERROR;
				CLANG_WARN_EMPTY_BODY = YES;
				CLANG_WARN_ENUM_CONVERSION = YES;
				CLANG_WARN_INT_CONVERSION = YES;
				CLANG_WARN_OBJC_ROOT_CLASS = YES_ERROR;
				CLANG_WARN_UNREACHABLE_CODE = YES;
				CLANG_WARN__DUPLICATE_METHOD_MATCH = YES;
				CODE_SIGN_IDENTITY = "iPhone Developer";
				"CODE_SIGN_IDENTITY[sdk=iphoneos*]" = "iPhone Developer";
				COPY_PHASE_STRIP = NO;
				DEBUG_INFORMATION_FORMAT = dwarf;
				ENABLE_STRICT_OBJC_MSGSEND = YES;
				ENABLE_TESTABILITY = YES;
				GCC_C_LANGUAGE_STANDARD = gnu99;
				GCC_DYNAMIC_NO_PIC = NO;
				GCC_NO_COMMON_BLOCKS = YES;
				GCC_OPTIMIZATION_LEVEL = 0;
				GCC_PREPROCESSOR_DEFINITIONS = (
					"DEBUG=1",
					"$(inherited)",
				);
				GCC_WARN_64_TO_32_BIT_CONVERSION = YES;
				GCC_WARN_ABOUT_RETURN_TYPE = YES_ERROR;
				GCC_WARN_UNDECLARED_SELECTOR = YES;
				GCC_WARN_UNINITIALIZED_AUTOS = YES_AGGRESSIVE;
				GCC_WARN_UNUSED_FUNCTION = YES;
				GCC_WARN_UNUSED_VARIABLE = YES;
				IPHONEOS_DEPLOYMENT_TARGET = 9.0;
				MTL_ENABLE_DEBUG_INFO = YES;
				ONLY_ACTIVE_ARCH = YES;
				SDKROOT = iphoneos;
				SWIFT_OPTIMIZATION_LEVEL = "-Onone";
			};
			name = Debug;
		};
		40E08A641B4FC70400D06A21 /* Release */ = {
			isa = XCBuildConfiguration;
			buildSettings = {
				ALWAYS_SEARCH_USER_PATHS = NO;
				CLANG_CXX_LANGUAGE_STANDARD = "gnu++0x";
				CLANG_CXX_LIBRARY = "libc++";
				CLANG_ENABLE_MODULES = YES;
				CLANG_ENABLE_OBJC_ARC = YES;
				CLANG_WARN_BOOL_CONVERSION = YES;
				CLANG_WARN_CONSTANT_CONVERSION = YES;
				CLANG_WARN_DIRECT_OBJC_ISA_USAGE = YES_ERROR;
				CLANG_WARN_EMPTY_BODY = YES;
				CLANG_WARN_ENUM_CONVERSION = YES;
				CLANG_WARN_INT_CONVERSION = YES;
				CLANG_WARN_OBJC_ROOT_CLASS = YES_ERROR;
				CLANG_WARN_UNREACHABLE_CODE = YES;
				CLANG_WARN__DUPLICATE_METHOD_MATCH = YES;
				CODE_SIGN_IDENTITY = "iPhone Developer";
				"CODE_SIGN_IDENTITY[sdk=iphoneos*]" = "iPhone Developer";
				COPY_PHASE_STRIP = NO;
				DEBUG_INFORMATION_FORMAT = "dwarf-with-dsym";
				ENABLE_NS_ASSERTIONS = NO;
				ENABLE_STRICT_OBJC_MSGSEND = YES;
				GCC_C_LANGUAGE_STANDARD = gnu99;
				GCC_NO_COMMON_BLOCKS = YES;
				GCC_WARN_64_TO_32_BIT_CONVERSION = YES;
				GCC_WARN_ABOUT_RETURN_TYPE = YES_ERROR;
				GCC_WARN_UNDECLARED_SELECTOR = YES;
				GCC_WARN_UNINITIALIZED_AUTOS = YES_AGGRESSIVE;
				GCC_WARN_UNUSED_FUNCTION = YES;
				GCC_WARN_UNUSED_VARIABLE = YES;
				IPHONEOS_DEPLOYMENT_TARGET = 9.0;
				MTL_ENABLE_DEBUG_INFO = NO;
				SDKROOT = iphoneos;
				VALIDATE_PRODUCT = YES;
			};
			name = Release;
		};
		40E08A661B4FC70400D06A21 /* Debug */ = {
			isa = XCBuildConfiguration;
			buildSettings = {
				ASSETCATALOG_COMPILER_APPICON_NAME = AppIcon;
				INFOPLIST_FILE = HelloAppleWatch/Info.plist;
				LD_RUNPATH_SEARCH_PATHS = "$(inherited) @executable_path/Frameworks";
				PRODUCT_BUNDLE_IDENTIFIER = com.razeware.HelloAppleWatch;
				PRODUCT_NAME = "$(TARGET_NAME)";
			};
			name = Debug;
		};
		40E08A671B4FC70400D06A21 /* Release */ = {
			isa = XCBuildConfiguration;
			buildSettings = {
				ASSETCATALOG_COMPILER_APPICON_NAME = AppIcon;
				INFOPLIST_FILE = HelloAppleWatch/Info.plist;
				LD_RUNPATH_SEARCH_PATHS = "$(inherited) @executable_path/Frameworks";
				PRODUCT_BUNDLE_IDENTIFIER = com.razeware.HelloAppleWatch;
				PRODUCT_NAME = "$(TARGET_NAME)";
			};
			name = Release;
		};
		E2F2E9751CA292990040B0B0 /* Debug */ = {
			isa = XCBuildConfiguration;
			buildSettings = {
				ASSETCATALOG_COMPILER_APPICON_NAME = AppIcon;
				EMBEDDED_CONTENT_CONTAINS_SWIFT = YES;
				IBSC_MODULE = HelloAppleWatch_WatchKit_App_Extension;
				INFOPLIST_FILE = "HelloAppleWatch WatchKit App/Info.plist";
				PRODUCT_BUNDLE_IDENTIFIER = com.razeware.HelloAppleWatch.watchkitapp;
				PRODUCT_NAME = "$(TARGET_NAME)";
				SDKROOT = watchos;
				SKIP_INSTALL = YES;
				TARGETED_DEVICE_FAMILY = 4;
				WATCHOS_DEPLOYMENT_TARGET = 2.1;
			};
			name = Debug;
		};
		E2F2E9761CA292990040B0B0 /* Release */ = {
			isa = XCBuildConfiguration;
			buildSettings = {
				ASSETCATALOG_COMPILER_APPICON_NAME = AppIcon;
				EMBEDDED_CONTENT_CONTAINS_SWIFT = YES;
				IBSC_MODULE = HelloAppleWatch_WatchKit_App_Extension;
				INFOPLIST_FILE = "HelloAppleWatch WatchKit App/Info.plist";
				PRODUCT_BUNDLE_IDENTIFIER = com.razeware.HelloAppleWatch.watchkitapp;
				PRODUCT_NAME = "$(TARGET_NAME)";
				SDKROOT = watchos;
				SKIP_INSTALL = YES;
				TARGETED_DEVICE_FAMILY = 4;
				WATCHOS_DEPLOYMENT_TARGET = 2.1;
			};
			name = Release;
		};
		E2F2E9771CA292990040B0B0 /* Debug */ = {
			isa = XCBuildConfiguration;
			buildSettings = {
				INFOPLIST_FILE = "HelloAppleWatch WatchKit App Extension/Info.plist";
				LD_RUNPATH_SEARCH_PATHS = "$(inherited) @executable_path/Frameworks @executable_path/../../Frameworks";
				PRODUCT_BUNDLE_IDENTIFIER = com.razeware.HelloAppleWatch.watchkitapp.watchkitextension;
				PRODUCT_NAME = "${TARGET_NAME}";
				SDKROOT = watchos;
				SKIP_INSTALL = YES;
				TARGETED_DEVICE_FAMILY = 4;
				WATCHOS_DEPLOYMENT_TARGET = 2.1;
			};
			name = Debug;
		};
		E2F2E9781CA292990040B0B0 /* Release */ = {
			isa = XCBuildConfiguration;
			buildSettings = {
				INFOPLIST_FILE = "HelloAppleWatch WatchKit App Extension/Info.plist";
				LD_RUNPATH_SEARCH_PATHS = "$(inherited) @executable_path/Frameworks @executable_path/../../Frameworks";
				PRODUCT_BUNDLE_IDENTIFIER = com.razeware.HelloAppleWatch.watchkitapp.watchkitextension;
				PRODUCT_NAME = "${TARGET_NAME}";
				SDKROOT = watchos;
				SKIP_INSTALL = YES;
				TARGETED_DEVICE_FAMILY = 4;
				WATCHOS_DEPLOYMENT_TARGET = 2.1;
			};
			name = Release;
		};
/* End XCBuildConfiguration section */

/* Begin XCConfigurationList section */
		40E08A4E1B4FC70400D06A21 /* Build configuration list for PBXProject "HelloAppleWatch" */ = {
			isa = XCConfigurationList;
			buildConfigurations = (
				40E08A631B4FC70400D06A21 /* Debug */,
				40E08A641B4FC70400D06A21 /* Release */,
			);
			defaultConfigurationIsVisible = 0;
			defaultConfigurationName = Release;
		};
		40E08A651B4FC70400D06A21 /* Build configuration list for PBXNativeTarget "HelloAppleWatch" */ = {
			isa = XCConfigurationList;
			buildConfigurations = (
				40E08A661B4FC70400D06A21 /* Debug */,
				40E08A671B4FC70400D06A21 /* Release */,
			);
			defaultConfigurationIsVisible = 0;
			defaultConfigurationName = Release;
		};
		E2F2E9791CA292990040B0B0 /* Build configuration list for PBXNativeTarget "HelloAppleWatch WatchKit App Extension" */ = {
			isa = XCConfigurationList;
			buildConfigurations = (
				E2F2E9771CA292990040B0B0 /* Debug */,
				E2F2E9781CA292990040B0B0 /* Release */,
			);
			defaultConfigurationIsVisible = 0;
		};
		E2F2E97B1CA292990040B0B0 /* Build configuration list for PBXNativeTarget "HelloAppleWatch WatchKit App" */ = {
			isa = XCConfigurationList;
			buildConfigurations = (
				E2F2E9751CA292990040B0B0 /* Debug */,
				E2F2E9761CA292990040B0B0 /* Release */,
			);
			defaultConfigurationIsVisible = 0;
		};
/* End XCConfigurationList section */
	};
	rootObject = 40E08A4B1B4FC70400D06A21 /* Project object */;
}
